
Microsoft Visual Studio Solution File, Format Version 12.00
# Visual Studio 15
Project("{FAE04EC0-301F-11D3-BF4B-00C04F79EFBC}") = "UnityEngine.TestRunner", "UnityEngine.TestRunner.csproj", "{31E692F9-8F9F-5136-7E95-F789E166CF62}"
EndProject
Project("{FAE04EC0-301F-11D3-BF4B-00C04F79EFBC}") = "UnityEngine.UI", "UnityEngine.UI.csproj", "{47716CB6-C425-39D5-25EB-2E8C0BA39EF7}"
EndProject
Project("{FAE04EC0-301F-11D3-BF4B-00C04F79EFBC}") = "Unity.VisualScripting.Flow", "Unity.VisualScripting.Flow.csproj", "{16654C98-71B8-6D86-5199-09669EB47C3D}"
EndProject
Project("{FAE04EC0-301F-11D3-BF4B-00C04F79EFBC}") = "Assembly-CSharp", "Assembly-CSharp.csproj", "{450C6120-752A-2A0F-A57C-0A7059E49469}"
EndProject
Project("{FAE04EC0-301F-11D3-BF4B-00C04F79EFBC}") = "Unity.VisualScripting.State", "Unity.VisualScripting.State.csproj", "{6433F58C-77E9-6D76-9FC5-586DA6F31708}"
EndProject
Project("{FAE04EC0-301F-11D3-BF4B-00C04F79EFBC}") = "Unity.VisualScripting.Core", "Unity.VisualScripting.Core.csproj", "{94B9E9C0-38F8-7A9D-D440-2AADF25CF419}"
EndProject
Project("{FAE04EC0-301F-11D3-BF4B-00C04F79EFBC}") = "Unity.TextMeshPro", "Unity.TextMeshPro.csproj", "{CE7CB917-406B-BE48-ACC8-5B1CDCC321C5}"
EndProject
Project("{FAE04EC0-301F-11D3-BF4B-00C04F79EFBC}") = "Unity.Timeline", "Unity.Timeline.csproj", "{D0EC8E7B-C138-C44D-62C0-1542197C8D11}"
EndProject
Project("{FAE04EC0-301F-11D3-BF4B-00C04F79EFBC}") = "TTWebGL", "TTWebGL.csproj", "{A143AF96-E733-A143-C0F6-5C5776DF2436}"
EndProject
Project("{FAE04EC0-301F-11D3-BF4B-00C04F79EFBC}") = "TTLitJson", "TTLitJson.csproj", "{9309BD91-9715-23E4-393E-7F89DAED2B1E}"
EndProject
Project("{FAE04EC0-301F-11D3-BF4B-00C04F79EFBC}") = "Unity.PlasticSCM.Editor", "Unity.PlasticSCM.Editor.csproj", "{3153F27E-0A55-CC74-0683-E493D4BAD80C}"
EndProject
Project("{FAE04EC0-301F-11D3-BF4B-00C04F79EFBC}") = "Unity.VisualScripting.Core.Editor", "Unity.VisualScripting.Core.Editor.csproj", "{B4F6435F-6B04-32F8-43E4-631BEA76529F}"
EndProject
Project("{FAE04EC0-301F-11D3-BF4B-00C04F79EFBC}") = "Unity.VisualScripting.Flow.Editor", "Unity.VisualScripting.Flow.Editor.csproj", "{2B49A01D-3F23-FB44-AA4B-989E629E2B50}"
EndProject
Project("{FAE04EC0-301F-11D3-BF4B-00C04F79EFBC}") = "Unity.VisualStudio.Editor", "Unity.VisualStudio.Editor.csproj", "{5FFF2732-94E2-47B8-6D3C-B8B6BA96435E}"
EndProject
Project("{FAE04EC0-301F-11D3-BF4B-00C04F79EFBC}") = "Unity.Timeline.Editor", "Unity.Timeline.Editor.csproj", "{4E93ABDE-26D4-3B9F-D336-1582D9EBB211}"
EndProject
Project("{FAE04EC0-301F-11D3-BF4B-00C04F79EFBC}") = "Unity.VisualScripting.State.Editor", "Unity.VisualScripting.State.Editor.csproj", "{5F265F26-0BD7-12FB-6B5C-059262401BDD}"
EndProject
Project("{FAE04EC0-301F-11D3-BF4B-00C04F79EFBC}") = "Unity.TextMeshPro.Editor", "Unity.TextMeshPro.Editor.csproj", "{2BA8CA80-13CE-2F59-754A-5615B4A39DE0}"
EndProject
Project("{FAE04EC0-301F-11D3-BF4B-00C04F79EFBC}") = "Unity.VisualScripting.SettingsProvider.Editor", "Unity.VisualScripting.SettingsProvider.Editor.csproj", "{0AECEA51-74D3-FFC9-78BB-592E69399FDD}"
EndProject
Project("{FAE04EC0-301F-11D3-BF4B-00C04F79EFBC}") = "UnityEditor.TestRunner", "UnityEditor.TestRunner.csproj", "{E07F340F-A353-1153-181E-FDA6F3EBECED}"
EndProject
Project("{FAE04EC0-301F-11D3-BF4B-00C04F79EFBC}") = "Unity.TestTools.CodeCoverage.Editor", "Unity.TestTools.CodeCoverage.Editor.csproj", "{5C9CF98B-D9E8-7626-4E56-05106F5B2A4D}"
EndProject
Project("{FAE04EC0-301F-11D3-BF4B-00C04F79EFBC}") = "Unity.Rider.Editor", "Unity.Rider.Editor.csproj", "{D666B127-34ED-A376-DDB0-5C8E3C184B53}"
EndProject
Project("{FAE04EC0-301F-11D3-BF4B-00C04F79EFBC}") = "Unity.Performance.Profile-Analyzer.Editor", "Unity.Performance.Profile-Analyzer.Editor.csproj", "{A7862FF1-4F2E-3750-CC4E-24C6B3DA4654}"
EndProject
Project("{FAE04EC0-301F-11D3-BF4B-00C04F79EFBC}") = "Unity.VSCode.Editor", "Unity.VSCode.Editor.csproj", "{BCB7CAE1-2BF3-C200-AC0E-B67995A2F675}"
EndProject
Project("{FAE04EC0-301F-11D3-BF4B-00C04F79EFBC}") = "UnityEditor.UI", "UnityEditor.UI.csproj", "{DCC2E692-D56D-4838-153D-F69A89FEFF59}"
EndProject
Project("{FAE04EC0-301F-11D3-BF4B-00C04F79EFBC}") = "Unity.TestTools.CodeCoverage.Editor.OpenCover.Model", "Unity.TestTools.CodeCoverage.Editor.OpenCover.Model.csproj", "{ABCB05BF-C50F-3BC4-8F12-A1340572E8F8}"
EndProject
Project("{FAE04EC0-301F-11D3-BF4B-00C04F79EFBC}") = "Unity.EditorCoroutines.Editor", "Unity.EditorCoroutines.Editor.csproj", "{93A9E47D-7DF0-7F21-B1CD-FBD9C42BF093}"
EndProject
Project("{FAE04EC0-301F-11D3-BF4B-00C04F79EFBC}") = "Unity.Settings.Editor", "Unity.Settings.Editor.csproj", "{026564D8-CF01-C909-D61D-AFE9EE3C6DD6}"
EndProject
Project("{FAE04EC0-301F-11D3-BF4B-00C04F79EFBC}") = "Unity.CollabProxy.Editor", "Unity.CollabProxy.Editor.csproj", "{9BB8D95F-9651-6932-7390-471E743C2E1C}"
EndProject
Project("{FAE04EC0-301F-11D3-BF4B-00C04F79EFBC}") = "Assembly-CSharp-Editor", "Assembly-CSharp-Editor.csproj", "{F5B2029B-1CD8-66EF-F2A0-9E2EEA547751}"
EndProject
Project("{FAE04EC0-301F-11D3-BF4B-00C04F79EFBC}") = "com.bytedance.ttsdk-editor", "com.bytedance.ttsdk-editor.csproj", "{842378A9-A2DB-8703-22ED-B3E1AB9CE9D6}"
EndProject
Project("{FAE04EC0-301F-11D3-BF4B-00C04F79EFBC}") = "Unity.TestTools.CodeCoverage.Editor.OpenCover.Mono.Reflection", "Unity.TestTools.CodeCoverage.Editor.OpenCover.Mono.Reflection.csproj", "{05187C19-076F-DD9E-9B13-4D2B7C6A4EA6}"
EndProject
Project("{FAE04EC0-301F-11D3-BF4B-00C04F79EFBC}") = "Unity.VisualScripting.Shared.Editor", "Unity.VisualScripting.Shared.Editor.csproj", "{67E3851B-33DF-3F34-7F8A-AF934AA5B269}"
EndProject
Project("{FAE04EC0-301F-11D3-BF4B-00C04F79EFBC}") = "UnityEngine.TestRunner", "UnityEngine.TestRunner.Player.csproj", "{5310C125-03E9-ACC5-3288-736C0E613A63}"
EndProject
Project("{FAE04EC0-301F-11D3-BF4B-00C04F79EFBC}") = "UnityEngine.UI", "UnityEngine.UI.Player.csproj", "{1C3DB6A3-AE8F-C515-4303-E8F58EC27C0C}"
EndProject
Project("{FAE04EC0-301F-11D3-BF4B-00C04F79EFBC}") = "Unity.VisualScripting.Flow", "Unity.VisualScripting.Flow.Player.csproj", "{E62F6877-32DF-7E32-B378-EF2D63291247}"
EndProject
Project("{FAE04EC0-301F-11D3-BF4B-00C04F79EFBC}") = "Assembly-CSharp", "Assembly-CSharp.Player.csproj", "{A546ADED-49CA-BDC4-C794-772504CECED9}"
EndProject
Project("{FAE04EC0-301F-11D3-BF4B-00C04F79EFBC}") = "Unity.VisualScripting.State", "Unity.VisualScripting.State.Player.csproj", "{F5CAAFB2-35D3-67C0-77CD-DE6DDF42DDF7}"
EndProject
Project("{FAE04EC0-301F-11D3-BF4B-00C04F79EFBC}") = "Unity.VisualScripting.Core", "Unity.VisualScripting.Core.Player.csproj", "{7C07EB8B-598C-E033-A4C7-5002CEE8B488}"
EndProject
Project("{FAE04EC0-301F-11D3-BF4B-00C04F79EFBC}") = "Unity.TextMeshPro", "Unity.TextMeshPro.Player.csproj", "{16C17630-0885-6AD5-1C6B-67801D78F25B}"
EndProject
Project("{FAE04EC0-301F-11D3-BF4B-00C04F79EFBC}") = "Unity.Timeline", "Unity.Timeline.Player.csproj", "{E256FDA3-DD90-7A0E-75CD-A56619AB6AB6}"
EndProject
Project("{FAE04EC0-301F-11D3-BF4B-00C04F79EFBC}") = "TTWebGL", "TTWebGL.Player.csproj", "{AAD25DF0-75A2-3828-079D-5A4E60ED7678}"
EndProject
Project("{FAE04EC0-301F-11D3-BF4B-00C04F79EFBC}") = "TTLitJson", "TTLitJson.Player.csproj", "{D42D2EBD-14E4-81BB-2DE1-BF2E55DBB97D}"
EndProject
Global
	GlobalSection(SolutionConfigurationPlatforms) = preSolution
		Debug|Any CPU = Debug|Any CPU
		Release|Any CPU = Release|Any CPU
	EndGlobalSection
	GlobalSection(ProjectConfigurationPlatforms) = postSolution
		{31E692F9-8F9F-5136-7E95-F789E166CF62}.Debug|Any CPU.ActiveCfg = Debug|Any CPU
		{31E692F9-8F9F-5136-7E95-F789E166CF62}.Debug|Any CPU.Build.0 = Debug|Any CPU
		{31E692F9-8F9F-5136-7E95-F789E166CF62}.Release|Any CPU.ActiveCfg = Release|Any CPU
		{31E692F9-8F9F-5136-7E95-F789E166CF62}.Release|Any CPU.Build.0 = Release|Any CPU
		{47716CB6-C425-39D5-25EB-2E8C0BA39EF7}.Debug|Any CPU.ActiveCfg = Debug|Any CPU
		{47716CB6-C425-39D5-25EB-2E8C0BA39EF7}.Debug|Any CPU.Build.0 = Debug|Any CPU
		{47716CB6-C425-39D5-25EB-2E8C0BA39EF7}.Release|Any CPU.ActiveCfg = Release|Any CPU
		{47716CB6-C425-39D5-25EB-2E8C0BA39EF7}.Release|Any CPU.Build.0 = Release|Any CPU
		{16654C98-71B8-6D86-5199-09669EB47C3D}.Debug|Any CPU.ActiveCfg = Debug|Any CPU
		{16654C98-71B8-6D86-5199-09669EB47C3D}.Debug|Any CPU.Build.0 = Debug|Any CPU
		{16654C98-71B8-6D86-5199-09669EB47C3D}.Release|Any CPU.ActiveCfg = Release|Any CPU
		{16654C98-71B8-6D86-5199-09669EB47C3D}.Release|Any CPU.Build.0 = Release|Any CPU
		{450C6120-752A-2A0F-A57C-0A7059E49469}.Debug|Any CPU.ActiveCfg = Debug|Any CPU
		{450C6120-752A-2A0F-A57C-0A7059E49469}.Debug|Any CPU.Build.0 = Debug|Any CPU
		{450C6120-752A-2A0F-A57C-0A7059E49469}.Release|Any CPU.ActiveCfg = Release|Any CPU
		{450C6120-752A-2A0F-A57C-0A7059E49469}.Release|Any CPU.Build.0 = Release|Any CPU
		{6433F58C-77E9-6D76-9FC5-586DA6F31708}.Debug|Any CPU.ActiveCfg = Debug|Any CPU
		{6433F58C-77E9-6D76-9FC5-586DA6F31708}.Debug|Any CPU.Build.0 = Debug|Any CPU
		{6433F58C-77E9-6D76-9FC5-586DA6F31708}.Release|Any CPU.ActiveCfg = Release|Any CPU
		{6433F58C-77E9-6D76-9FC5-586DA6F31708}.Release|Any CPU.Build.0 = Release|Any CPU
		{94B9E9C0-38F8-7A9D-D440-2AADF25CF419}.Debug|Any CPU.ActiveCfg = Debug|Any CPU
		{94B9E9C0-38F8-7A9D-D440-2AADF25CF419}.Debug|Any CPU.Build.0 = Debug|Any CPU
		{94B9E9C0-38F8-7A9D-D440-2AADF25CF419}.Release|Any CPU.ActiveCfg = Release|Any CPU
		{94B9E9C0-38F8-7A9D-D440-2AADF25CF419}.Release|Any CPU.Build.0 = Release|Any CPU
		{CE7CB917-406B-BE48-ACC8-5B1CDCC321C5}.Debug|Any CPU.ActiveCfg = Debug|Any CPU
		{CE7CB917-406B-BE48-ACC8-5B1CDCC321C5}.Debug|Any CPU.Build.0 = Debug|Any CPU
		{CE7CB917-406B-BE48-ACC8-5B1CDCC321C5}.Release|Any CPU.ActiveCfg = Release|Any CPU
		{CE7CB917-406B-BE48-ACC8-5B1CDCC321C5}.Release|Any CPU.Build.0 = Release|Any CPU
		{D0EC8E7B-C138-C44D-62C0-1542197C8D11}.Debug|Any CPU.ActiveCfg = Debug|Any CPU
		{D0EC8E7B-C138-C44D-62C0-1542197C8D11}.Debug|Any CPU.Build.0 = Debug|Any CPU
		{D0EC8E7B-C138-C44D-62C0-1542197C8D11}.Release|Any CPU.ActiveCfg = Release|Any CPU
		{D0EC8E7B-C138-C44D-62C0-1542197C8D11}.Release|Any CPU.Build.0 = Release|Any CPU
		{A143AF96-E733-A143-C0F6-5C5776DF2436}.Debug|Any CPU.ActiveCfg = Debug|Any CPU
		{A143AF96-E733-A143-C0F6-5C5776DF2436}.Debug|Any CPU.Build.0 = Debug|Any CPU
		{A143AF96-E733-A143-C0F6-5C5776DF2436}.Release|Any CPU.ActiveCfg = Release|Any CPU
		{A143AF96-E733-A143-C0F6-5C5776DF2436}.Release|Any CPU.Build.0 = Release|Any CPU
		{9309BD91-9715-23E4-393E-7F89DAED2B1E}.Debug|Any CPU.ActiveCfg = Debug|Any CPU
		{9309BD91-9715-23E4-393E-7F89DAED2B1E}.Debug|Any CPU.Build.0 = Debug|Any CPU
		{9309BD91-9715-23E4-393E-7F89DAED2B1E}.Release|Any CPU.ActiveCfg = Release|Any CPU
		{9309BD91-9715-23E4-393E-7F89DAED2B1E}.Release|Any CPU.Build.0 = Release|Any CPU
		{3153F27E-0A55-CC74-0683-E493D4BAD80C}.Debug|Any CPU.ActiveCfg = Debug|Any CPU
		{3153F27E-0A55-CC74-0683-E493D4BAD80C}.Debug|Any CPU.Build.0 = Debug|Any CPU
		{3153F27E-0A55-CC74-0683-E493D4BAD80C}.Release|Any CPU.ActiveCfg = Release|Any CPU
		{3153F27E-0A55-CC74-0683-E493D4BAD80C}.Release|Any CPU.Build.0 = Release|Any CPU
		{B4F6435F-6B04-32F8-43E4-631BEA76529F}.Debug|Any CPU.ActiveCfg = Debug|Any CPU
		{B4F6435F-6B04-32F8-43E4-631BEA76529F}.Debug|Any CPU.Build.0 = Debug|Any CPU
		{B4F6435F-6B04-32F8-43E4-631BEA76529F}.Release|Any CPU.ActiveCfg = Release|Any CPU
		{B4F6435F-6B04-32F8-43E4-631BEA76529F}.Release|Any CPU.Build.0 = Release|Any CPU
		{2B49A01D-3F23-FB44-AA4B-989E629E2B50}.Debug|Any CPU.ActiveCfg = Debug|Any CPU
		{2B49A01D-3F23-FB44-AA4B-989E629E2B50}.Debug|Any CPU.Build.0 = Debug|Any CPU
		{2B49A01D-3F23-FB44-AA4B-989E629E2B50}.Release|Any CPU.ActiveCfg = Release|Any CPU
		{2B49A01D-3F23-FB44-AA4B-989E629E2B50}.Release|Any CPU.Build.0 = Release|Any CPU
		{5FFF2732-94E2-47B8-6D3C-B8B6BA96435E}.Debug|Any CPU.ActiveCfg = Debug|Any CPU
		{5FFF2732-94E2-47B8-6D3C-B8B6BA96435E}.Debug|Any CPU.Build.0 = Debug|Any CPU
		{5FFF2732-94E2-47B8-6D3C-B8B6BA96435E}.Release|Any CPU.ActiveCfg = Release|Any CPU
		{5FFF2732-94E2-47B8-6D3C-B8B6BA96435E}.Release|Any CPU.Build.0 = Release|Any CPU
		{4E93ABDE-26D4-3B9F-D336-1582D9EBB211}.Debug|Any CPU.ActiveCfg = Debug|Any CPU
		{4E93ABDE-26D4-3B9F-D336-1582D9EBB211}.Debug|Any CPU.Build.0 = Debug|Any CPU
		{4E93ABDE-26D4-3B9F-D336-1582D9EBB211}.Release|Any CPU.ActiveCfg = Release|Any CPU
		{4E93ABDE-26D4-3B9F-D336-1582D9EBB211}.Release|Any CPU.Build.0 = Release|Any CPU
		{5F265F26-0BD7-12FB-6B5C-059262401BDD}.Debug|Any CPU.ActiveCfg = Debug|Any CPU
		{5F265F26-0BD7-12FB-6B5C-059262401BDD}.Debug|Any CPU.Build.0 = Debug|Any CPU
		{5F265F26-0BD7-12FB-6B5C-059262401BDD}.Release|Any CPU.ActiveCfg = Release|Any CPU
		{5F265F26-0BD7-12FB-6B5C-059262401BDD}.Release|Any CPU.Build.0 = Release|Any CPU
		{2BA8CA80-13CE-2F59-754A-5615B4A39DE0}.Debug|Any CPU.ActiveCfg = Debug|Any CPU
		{2BA8CA80-13CE-2F59-754A-5615B4A39DE0}.Debug|Any CPU.Build.0 = Debug|Any CPU
		{2BA8CA80-13CE-2F59-754A-5615B4A39DE0}.Release|Any CPU.ActiveCfg = Release|Any CPU
		{2BA8CA80-13CE-2F59-754A-5615B4A39DE0}.Release|Any CPU.Build.0 = Release|Any CPU
		{0AECEA51-74D3-FFC9-78BB-592E69399FDD}.Debug|Any CPU.ActiveCfg = Debug|Any CPU
		{0AECEA51-74D3-FFC9-78BB-592E69399FDD}.Debug|Any CPU.Build.0 = Debug|Any CPU
		{0AECEA51-74D3-FFC9-78BB-592E69399FDD}.Release|Any CPU.ActiveCfg = Release|Any CPU
		{0AECEA51-74D3-FFC9-78BB-592E69399FDD}.Release|Any CPU.Build.0 = Release|Any CPU
		{E07F340F-A353-1153-181E-FDA6F3EBECED}.Debug|Any CPU.ActiveCfg = Debug|Any CPU
		{E07F340F-A353-1153-181E-FDA6F3EBECED}.Debug|Any CPU.Build.0 = Debug|Any CPU
		{E07F340F-A353-1153-181E-FDA6F3EBECED}.Release|Any CPU.ActiveCfg = Release|Any CPU
		{E07F340F-A353-1153-181E-FDA6F3EBECED}.Release|Any CPU.Build.0 = Release|Any CPU
		{5C9CF98B-D9E8-7626-4E56-05106F5B2A4D}.Debug|Any CPU.ActiveCfg = Debug|Any CPU
		{5C9CF98B-D9E8-7626-4E56-05106F5B2A4D}.Debug|Any CPU.Build.0 = Debug|Any CPU
		{5C9CF98B-D9E8-7626-4E56-05106F5B2A4D}.Release|Any CPU.ActiveCfg = Release|Any CPU
		{5C9CF98B-D9E8-7626-4E56-05106F5B2A4D}.Release|Any CPU.Build.0 = Release|Any CPU
		{D666B127-34ED-A376-DDB0-5C8E3C184B53}.Debug|Any CPU.ActiveCfg = Debug|Any CPU
		{D666B127-34ED-A376-DDB0-5C8E3C184B53}.Debug|Any CPU.Build.0 = Debug|Any CPU
		{D666B127-34ED-A376-DDB0-5C8E3C184B53}.Release|Any CPU.ActiveCfg = Release|Any CPU
		{D666B127-34ED-A376-DDB0-5C8E3C184B53}.Release|Any CPU.Build.0 = Release|Any CPU
		{A7862FF1-4F2E-3750-CC4E-24C6B3DA4654}.Debug|Any CPU.ActiveCfg = Debug|Any CPU
		{A7862FF1-4F2E-3750-CC4E-24C6B3DA4654}.Debug|Any CPU.Build.0 = Debug|Any CPU
		{A7862FF1-4F2E-3750-CC4E-24C6B3DA4654}.Release|Any CPU.ActiveCfg = Release|Any CPU
		{A7862FF1-4F2E-3750-CC4E-24C6B3DA4654}.Release|Any CPU.Build.0 = Release|Any CPU
		{BCB7CAE1-2BF3-C200-AC0E-B67995A2F675}.Debug|Any CPU.ActiveCfg = Debug|Any CPU
		{BCB7CAE1-2BF3-C200-AC0E-B67995A2F675}.Debug|Any CPU.Build.0 = Debug|Any CPU
		{BCB7CAE1-2BF3-C200-AC0E-B67995A2F675}.Release|Any CPU.ActiveCfg = Release|Any CPU
		{BCB7CAE1-2BF3-C200-AC0E-B67995A2F675}.Release|Any CPU.Build.0 = Release|Any CPU
		{DCC2E692-D56D-4838-153D-F69A89FEFF59}.Debug|Any CPU.ActiveCfg = Debug|Any CPU
		{DCC2E692-D56D-4838-153D-F69A89FEFF59}.Debug|Any CPU.Build.0 = Debug|Any CPU
		{DCC2E692-D56D-4838-153D-F69A89FEFF59}.Release|Any CPU.ActiveCfg = Release|Any CPU
		{DCC2E692-D56D-4838-153D-F69A89FEFF59}.Release|Any CPU.Build.0 = Release|Any CPU
		{ABCB05BF-C50F-3BC4-8F12-A1340572E8F8}.Debug|Any CPU.ActiveCfg = Debug|Any CPU
		{ABCB05BF-C50F-3BC4-8F12-A1340572E8F8}.Debug|Any CPU.Build.0 = Debug|Any CPU
		{ABCB05BF-C50F-3BC4-8F12-A1340572E8F8}.Release|Any CPU.ActiveCfg = Release|Any CPU
		{ABCB05BF-C50F-3BC4-8F12-A1340572E8F8}.Release|Any CPU.Build.0 = Release|Any CPU
		{93A9E47D-7DF0-7F21-B1CD-FBD9C42BF093}.Debug|Any CPU.ActiveCfg = Debug|Any CPU
		{93A9E47D-7DF0-7F21-B1CD-FBD9C42BF093}.Debug|Any CPU.Build.0 = Debug|Any CPU
		{93A9E47D-7DF0-7F21-B1CD-FBD9C42BF093}.Release|Any CPU.ActiveCfg = Release|Any CPU
		{93A9E47D-7DF0-7F21-B1CD-FBD9C42BF093}.Release|Any CPU.Build.0 = Release|Any CPU
		{026564D8-CF01-C909-D61D-AFE9EE3C6DD6}.Debug|Any CPU.ActiveCfg = Debug|Any CPU
		{026564D8-CF01-C909-D61D-AFE9EE3C6DD6}.Debug|Any CPU.Build.0 = Debug|Any CPU
		{026564D8-CF01-C909-D61D-AFE9EE3C6DD6}.Release|Any CPU.ActiveCfg = Release|Any CPU
		{026564D8-CF01-C909-D61D-AFE9EE3C6DD6}.Release|Any CPU.Build.0 = Release|Any CPU
		{9BB8D95F-9651-6932-7390-471E743C2E1C}.Debug|Any CPU.ActiveCfg = Debug|Any CPU
		{9BB8D95F-9651-6932-7390-471E743C2E1C}.Debug|Any CPU.Build.0 = Debug|Any CPU
		{9BB8D95F-9651-6932-7390-471E743C2E1C}.Release|Any CPU.ActiveCfg = Release|Any CPU
		{9BB8D95F-9651-6932-7390-471E743C2E1C}.Release|Any CPU.Build.0 = Release|Any CPU
		{F5B2029B-1CD8-66EF-F2A0-9E2EEA547751}.Debug|Any CPU.ActiveCfg = Debug|Any CPU
		{F5B2029B-1CD8-66EF-F2A0-9E2EEA547751}.Debug|Any CPU.Build.0 = Debug|Any CPU
		{F5B2029B-1CD8-66EF-F2A0-9E2EEA547751}.Release|Any CPU.ActiveCfg = Release|Any CPU
		{F5B2029B-1CD8-66EF-F2A0-9E2EEA547751}.Release|Any CPU.Build.0 = Release|Any CPU
		{842378A9-A2DB-8703-22ED-B3E1AB9CE9D6}.Debug|Any CPU.ActiveCfg = Debug|Any CPU
		{842378A9-A2DB-8703-22ED-B3E1AB9CE9D6}.Debug|Any CPU.Build.0 = Debug|Any CPU
		{842378A9-A2DB-8703-22ED-B3E1AB9CE9D6}.Release|Any CPU.ActiveCfg = Release|Any CPU
		{842378A9-A2DB-8703-22ED-B3E1AB9CE9D6}.Release|Any CPU.Build.0 = Release|Any CPU
		{05187C19-076F-DD9E-9B13-4D2B7C6A4EA6}.Debug|Any CPU.ActiveCfg = Debug|Any CPU
		{05187C19-076F-DD9E-9B13-4D2B7C6A4EA6}.Debug|Any CPU.Build.0 = Debug|Any CPU
		{05187C19-076F-DD9E-9B13-4D2B7C6A4EA6}.Release|Any CPU.ActiveCfg = Release|Any CPU
		{05187C19-076F-DD9E-9B13-4D2B7C6A4EA6}.Release|Any CPU.Build.0 = Release|Any CPU
		{67E3851B-33DF-3F34-7F8A-AF934AA5B269}.Debug|Any CPU.ActiveCfg = Debug|Any CPU
		{67E3851B-33DF-3F34-7F8A-AF934AA5B269}.Debug|Any CPU.Build.0 = Debug|Any CPU
		{67E3851B-33DF-3F34-7F8A-AF934AA5B269}.Release|Any CPU.ActiveCfg = Release|Any CPU
		{67E3851B-33DF-3F34-7F8A-AF934AA5B269}.Release|Any CPU.Build.0 = Release|Any CPU
		{5310C125-03E9-ACC5-3288-736C0E613A63}.Debug|Any CPU.ActiveCfg = Debug|Any CPU
		{5310C125-03E9-ACC5-3288-736C0E613A63}.Debug|Any CPU.Build.0 = Debug|Any CPU
		{5310C125-03E9-ACC5-3288-736C0E613A63}.Release|Any CPU.ActiveCfg = Release|Any CPU
		{5310C125-03E9-ACC5-3288-736C0E613A63}.Release|Any CPU.Build.0 = Release|Any CPU
		{1C3DB6A3-AE8F-C515-4303-E8F58EC27C0C}.Debug|Any CPU.ActiveCfg = Debug|Any CPU
		{1C3DB6A3-AE8F-C515-4303-E8F58EC27C0C}.Debug|Any CPU.Build.0 = Debug|Any CPU
		{1C3DB6A3-AE8F-C515-4303-E8F58EC27C0C}.Release|Any CPU.ActiveCfg = Release|Any CPU
		{1C3DB6A3-AE8F-C515-4303-E8F58EC27C0C}.Release|Any CPU.Build.0 = Release|Any CPU
		{E62F6877-32DF-7E32-B378-EF2D63291247}.Debug|Any CPU.ActiveCfg = Debug|Any CPU
		{E62F6877-32DF-7E32-B378-EF2D63291247}.Debug|Any CPU.Build.0 = Debug|Any CPU
		{E62F6877-32DF-7E32-B378-EF2D63291247}.Release|Any CPU.ActiveCfg = Release|Any CPU
		{E62F6877-32DF-7E32-B378-EF2D63291247}.Release|Any CPU.Build.0 = Release|Any CPU
		{A546ADED-49CA-BDC4-C794-772504CECED9}.Debug|Any CPU.ActiveCfg = Debug|Any CPU
		{A546ADED-49CA-BDC4-C794-772504CECED9}.Debug|Any CPU.Build.0 = Debug|Any CPU
		{A546ADED-49CA-BDC4-C794-772504CECED9}.Release|Any CPU.ActiveCfg = Release|Any CPU
		{A546ADED-49CA-BDC4-C794-772504CECED9}.Release|Any CPU.Build.0 = Release|Any CPU
		{F5CAAFB2-35D3-67C0-77CD-DE6DDF42DDF7}.Debug|Any CPU.ActiveCfg = Debug|Any CPU
		{F5CAAFB2-35D3-67C0-77CD-DE6DDF42DDF7}.Debug|Any CPU.Build.0 = Debug|Any CPU
		{F5CAAFB2-35D3-67C0-77CD-DE6DDF42DDF7}.Release|Any CPU.ActiveCfg = Release|Any CPU
		{F5CAAFB2-35D3-67C0-77CD-DE6DDF42DDF7}.Release|Any CPU.Build.0 = Release|Any CPU
		{7C07EB8B-598C-E033-A4C7-5002CEE8B488}.Debug|Any CPU.ActiveCfg = Debug|Any CPU
		{7C07EB8B-598C-E033-A4C7-5002CEE8B488}.Debug|Any CPU.Build.0 = Debug|Any CPU
		{7C07EB8B-598C-E033-A4C7-5002CEE8B488}.Release|Any CPU.ActiveCfg = Release|Any CPU
		{7C07EB8B-598C-E033-A4C7-5002CEE8B488}.Release|Any CPU.Build.0 = Release|Any CPU
		{16C17630-0885-6AD5-1C6B-67801D78F25B}.Debug|Any CPU.ActiveCfg = Debug|Any CPU
		{16C17630-0885-6AD5-1C6B-67801D78F25B}.Debug|Any CPU.Build.0 = Debug|Any CPU
		{16C17630-0885-6AD5-1C6B-67801D78F25B}.Release|Any CPU.ActiveCfg = Release|Any CPU
		{16C17630-0885-6AD5-1C6B-67801D78F25B}.Release|Any CPU.Build.0 = Release|Any CPU
		{E256FDA3-DD90-7A0E-75CD-A56619AB6AB6}.Debug|Any CPU.ActiveCfg = Debug|Any CPU
		{E256FDA3-DD90-7A0E-75CD-A56619AB6AB6}.Debug|Any CPU.Build.0 = Debug|Any CPU
		{E256FDA3-DD90-7A0E-75CD-A56619AB6AB6}.Release|Any CPU.ActiveCfg = Release|Any CPU
		{E256FDA3-DD90-7A0E-75CD-A56619AB6AB6}.Release|Any CPU.Build.0 = Release|Any CPU
		{AAD25DF0-75A2-3828-079D-5A4E60ED7678}.Debug|Any CPU.ActiveCfg = Debug|Any CPU
		{AAD25DF0-75A2-3828-079D-5A4E60ED7678}.Debug|Any CPU.Build.0 = Debug|Any CPU
		{AAD25DF0-75A2-3828-079D-5A4E60ED7678}.Release|Any CPU.ActiveCfg = Release|Any CPU
		{AAD25DF0-75A2-3828-079D-5A4E60ED7678}.Release|Any CPU.Build.0 = Release|Any CPU
		{D42D2EBD-14E4-81BB-2DE1-BF2E55DBB97D}.Debug|Any CPU.ActiveCfg = Debug|Any CPU
		{D42D2EBD-14E4-81BB-2DE1-BF2E55DBB97D}.Debug|Any CPU.Build.0 = Debug|Any CPU
		{D42D2EBD-14E4-81BB-2DE1-BF2E55DBB97D}.Release|Any CPU.ActiveCfg = Release|Any CPU
		{D42D2EBD-14E4-81BB-2DE1-BF2E55DBB97D}.Release|Any CPU.Build.0 = Release|Any CPU
	EndGlobalSection
	GlobalSection(SolutionProperties) = preSolution
		HideSolutionNode = FALSE
	EndGlobalSection
EndGlobal
